# This file is automatically @generated by Cargo.
# It is not intended for manual editing.
version = 4

[[package]]
name = "camino"
version = "1.2.5"
source = "registry+https://github.com/rust-lang/crates.io-index"
checksum = "bb1307f12aa967b5a58416e87b3653360e0fd614a016b6e970db08fecbb1b80d"

[[package]]
name = "fluent-io"
version = "0.1.0"
dependencies = [
 "camino",
]
